Microsoft Visual Studio Solution File, Format Version 11.00
# Visual Studio 2008

Project("{75CEAD4B-602C-3FE4-3723-2A0854C10B8D}") = "GridMove", "Assembly-CSharp-firstpass-vs.csproj", "{26F6C9E1-584F-DD17-DE98-518F966DAC8D}"
EndProject
Project("{75CEAD4B-602C-3FE4-3723-2A0854C10B8D}") = "GridMove", "Assembly-CSharp-vs.csproj", "{0AFEC56F-1AC3-5D7D-1586-15B29C990C62}"
EndProject
Global
	GlobalSection(SolutionConfigurationPlatforms) = preSolution
		Debug|Any CPU = Debug|Any CPU
		Release|Any CPU = Release|Any CPU
	EndGlobalSection
	GlobalSection(ProjectConfigurationPlatforms) = postSolution
		{26F6C9E1-584F-DD17-DE98-518F966DAC8D}.Debug|Any CPU.ActiveCfg = Debug|Any CPU
		{26F6C9E1-584F-DD17-DE98-518F966DAC8D}.Debug|Any CPU.Build.0 = Debug|Any CPU
		{26F6C9E1-584F-DD17-DE98-518F966DAC8D}.Release|Any CPU.ActiveCfg = Release|Any CPU
		{26F6C9E1-584F-DD17-DE98-518F966DAC8D}.Release|Any CPU.Build.0 = Release|Any CPU
		{0AFEC56F-1AC3-5D7D-1586-15B29C990C62}.Debug|Any CPU.ActiveCfg = Debug|Any CPU
		{0AFEC56F-1AC3-5D7D-1586-15B29C990C62}.Debug|Any CPU.Build.0 = Debug|Any CPU
		{0AFEC56F-1AC3-5D7D-1586-15B29C990C62}.Release|Any CPU.ActiveCfg = Release|Any CPU
		{0AFEC56F-1AC3-5D7D-1586-15B29C990C62}.Release|Any CPU.Build.0 = Release|Any CPU
	EndGlobalSection
	GlobalSection(SolutionProperties) = preSolution
		HideSolutionNode = FALSE
	EndGlobalSection
														GlobalSection(MonoDevelopProperties) = preSolution
		StartupItem = Assembly-CSharp.csproj
		Policies = $0
		$0.TextStylePolicy = $1
		$1.inheritsSet = null
		$1.scope = text/x-csharp
		$0.CSharpFormattingPolicy = $2
		$2.inheritsSet = Mono
		$2.inheritsScope = text/x-csharp
		$2.scope = text/x-csharp
		$0.TextStylePolicy = $3
		$3.FileWidth = 120
		$3.TabWidth = 4
		$3.EolMarker = Unix
		$3.inheritsSet = Mono
		$3.inheritsScope = text/plain
		$3.scope = text/plain
	EndGlobalSection

EndGlobal
